Microsoft Visual Studio Solution File, Format Version 12.00
# Visual Studio Version 17
VisualStudioVersion = 17.5.2.0
MinimumVisualStudioVersion = 10.0.40219.1
Project("{FAE04EC0-301F-11D3-BF4B-00C04F79EFBC}") = "MainfreightProject", "MainfreightProject.csproj", "{B47B547F-7CBB-1276-EA29-63AEB45AD62F}"
EndProject
Global
	GlobalSection(SolutionConfigurationPlatforms) = preSolution
		Debug|Any CPU = Debug|Any CPU
		Release|Any CPU = Release|Any CPU
	EndGlobalSection
	GlobalSection(ProjectConfigurationPlatforms) = postSolution
		{B47B547F-7CBB-1276-EA29-63AEB45AD62F}.Debug|Any CPU.ActiveCfg = Debug|Any CPU
		{B47B547F-7CBB-1276-EA29-63AEB45AD62F}.Debug|Any CPU.Build.0 = Debug|Any CPU
		{B47B547F-7CBB-1276-EA29-63AEB45AD62F}.Release|Any CPU.ActiveCfg = Release|Any CPU
		{B47B547F-7CBB-1276-EA29-63AEB45AD62F}.Release|Any CPU.Build.0 = Release|Any CPU
	EndGlobalSection
	GlobalSection(SolutionProperties) = preSolution
		HideSolutionNode = FALSE
	EndGlobalSection
	GlobalSection(ExtensibilityGlobals) = postSolution
		SolutionGuid = {30AA9672-59BB-4709-9E35-DB7ED243BCDC}
	EndGlobalSection
EndGlobal
